
Microsoft Visual Studio Solution File, Format Version 12.00
# Visual Studio 15
VisualStudioVersion = 15.0.27004.2009
MinimumVisualStudioVersion = 10.0.40219.1
Project("{8BC9CEB8-8B4A-11D0-8D11-00A0C91BC942}") = "directProblemQuadratureMethod", "directProblemQuadratureMethod\directProblemQuadratureMethod.vcxproj", "{DC2F2179-91D4-48EE-BF66-64AA83709C68}"
EndProject
Project("{8BC9CEB8-8B4A-11D0-8D11-00A0C91BC942}") = "inverseProblemQuadratureMethod", "inverseProblemQuadratureMethod\inverseProblemQuadratureMethod.vcxproj", "{5206358D-B4EE-4351-AD0C-06D391B33693}"
EndProject
Project("{8BC9CEB8-8B4A-11D0-8D11-00A0C91BC942}") = "matrixComparison", "matrixComparison\matrixComparison.vcxproj", "{1A7FB758-0EB4-46A8-99E6-39A199B7871E}"
EndProject
Global
	GlobalSection(SolutionConfigurationPlatforms) = preSolution
		Debug|x64 = Debug|x64
		Debug|x86 = Debug|x86
		Release|x64 = Release|x64
		Release|x86 = Release|x86
	EndGlobalSection
	GlobalSection(ProjectConfigurationPlatforms) = postSolution
		{DC2F2179-91D4-48EE-BF66-64AA83709C68}.Debug|x64.ActiveCfg = Debug|x64
		{DC2F2179-91D4-48EE-BF66-64AA83709C68}.Debug|x64.Build.0 = Debug|x64
		{DC2F2179-91D4-48EE-BF66-64AA83709C68}.Debug|x86.ActiveCfg = Debug|Win32
		{DC2F2179-91D4-48EE-BF66-64AA83709C68}.Debug|x86.Build.0 = Debug|Win32
		{DC2F2179-91D4-48EE-BF66-64AA83709C68}.Release|x64.ActiveCfg = Release|x64
		{DC2F2179-91D4-48EE-BF66-64AA83709C68}.Release|x64.Build.0 = Release|x64
		{DC2F2179-91D4-48EE-BF66-64AA83709C68}.Release|x86.ActiveCfg = Release|Win32
		{DC2F2179-91D4-48EE-BF66-64AA83709C68}.Release|x86.Build.0 = Release|Win32
		{5206358D-B4EE-4351-AD0C-06D391B33693}.Debug|x64.ActiveCfg = Debug|x64
		{5206358D-B4EE-4351-AD0C-06D391B33693}.Debug|x64.Build.0 = Debug|x64
		{5206358D-B4EE-4351-AD0C-06D391B33693}.Debug|x86.ActiveCfg = Debug|Win32
		{5206358D-B4EE-4351-AD0C-06D391B33693}.Debug|x86.Build.0 = Debug|Win32
		{5206358D-B4EE-4351-AD0C-06D391B33693}.Release|x64.ActiveCfg = Release|x64
		{5206358D-B4EE-4351-AD0C-06D391B33693}.Release|x64.Build.0 = Release|x64
		{5206358D-B4EE-4351-AD0C-06D391B33693}.Release|x86.ActiveCfg = Release|Win32
		{5206358D-B4EE-4351-AD0C-06D391B33693}.Release|x86.Build.0 = Release|Win32
		{1A7FB758-0EB4-46A8-99E6-39A199B7871E}.Debug|x64.ActiveCfg = Debug|x64
		{1A7FB758-0EB4-46A8-99E6-39A199B7871E}.Debug|x64.Build.0 = Debug|x64
		{1A7FB758-0EB4-46A8-99E6-39A199B7871E}.Debug|x86.ActiveCfg = Debug|Win32
		{1A7FB758-0EB4-46A8-99E6-39A199B7871E}.Debug|x86.Build.0 = Debug|Win32
		{1A7FB758-0EB4-46A8-99E6-39A199B7871E}.Release|x64.ActiveCfg = Release|x64
		{1A7FB758-0EB4-46A8-99E6-39A199B7871E}.Release|x64.Build.0 = Release|x64
		{1A7FB758-0EB4-46A8-99E6-39A199B7871E}.Release|x86.ActiveCfg = Release|Win32
		{1A7FB758-0EB4-46A8-99E6-39A199B7871E}.Release|x86.Build.0 = Release|Win32
	EndGlobalSection
	GlobalSection(SolutionProperties) = preSolution
		HideSolutionNode = FALSE
	EndGlobalSection
	GlobalSection(ExtensibilityGlobals) = postSolution
		SolutionGuid = {9BB978A8-95B6-45CA-BDBA-82B692491763}
	EndGlobalSection
EndGlobal
